{
  "requires": true,
  "lockfileVersion": 1,
  "dependencies": {
    "mongodb": {
      "version": "file:https:/registry.npmjs.org/mongodb/-/mongodb-3.2.3.tgz",
      "integrity": "sha512-jw8UyPsq4QleZ9z+t/pIVy3L++51vKdaJ2Q/XXeYxk/3cnKioAH8H6f5tkkDivrQL4PUgUOHe9uZzkpRFH1XtQ==",
      "requires": {
        "mongodb-core": "^3.2.3",
        "safe-buffer": "^5.1.2"
      },
      "dependencies": {
        "bson": {
          "version": "1.1.1",
          "bundled": true
        },
        "memory-pager": {
          "version": "1.5.0",
          "bundled": true,
          "optional": true
        },
        "mongodb-core": {
          "version": "3.2.3",
          "bundled": true,
          "requires": {
            "bson": "^1.1.1",
            "require_optional": "^1.0.1",
            "safe-buffer": "^5.1.2",
            "saslprep": "^1.0.0"
          }
        },
        "require_optional": {
          "version": "1.0.1",
          "bundled": true,
          "requires": {
            "resolve-from": "^2.0.0",
            "semver": "^5.1.0"
          }
        },
        "resolve-from": {
          "version": "2.0.0",
          "bundled": true
        },
        "safe-buffer": {
          "version": "5.1.2",
          "bundled": true
        },
        "saslprep": {
          "version": "1.0.3",
          "bundled": true,
          "optional": true,
          "requires": {
            "sparse-bitfield": "^3.0.3"
          }
        },
        "semver": {
          "version": "5.7.0",
          "bundled": true
        },
        "sparse-bitfield": {
          "version": "3.0.3",
          "bundled": true,
          "optional": true,
          "requires": {
            "memory-pager": "^1.0.2"
          }
        }
      }
    }
  }
}
